
Microsoft Visual Studio Solution File, Format Version 12.00
# Visual Studio 15
VisualStudioVersion = 15.0.27130.2024
MinimumVisualStudioVersion = 10.0.40219.1
Project("{FAE04EC0-301F-11D3-BF4B-00C04F79EFBC}") = "CaptureSave", "CaptureSave\CaptureSave.csproj", "{4248CDCA-AA57-4821-8DF0-B616D831375C}"
EndProject
Project("{54435603-DBB4-11D2-8724-00A0C9A8B90C}") = "CaptureSaveSetup", "SetupCaptureSave\SetupCaptureSave.vdproj", "{396BB791-579A-493C-B675-7F40032A10E3}"
EndProject
Global
	GlobalSection(SolutionConfigurationPlatforms) = preSolution
		Debug|Any CPU = Debug|Any CPU
		Debug|x86 = Debug|x86
		Release|Any CPU = Release|Any CPU
		Release|x86 = Release|x86
	EndGlobalSection
	GlobalSection(ProjectConfigurationPlatforms) = postSolution
		{4248CDCA-AA57-4821-8DF0-B616D831375C}.Debug|Any CPU.ActiveCfg = Debug|Any CPU
		{4248CDCA-AA57-4821-8DF0-B616D831375C}.Debug|Any CPU.Build.0 = Debug|Any CPU
		{4248CDCA-AA57-4821-8DF0-B616D831375C}.Debug|x86.ActiveCfg = Debug|Any CPU
		{4248CDCA-AA57-4821-8DF0-B616D831375C}.Debug|x86.Build.0 = Debug|Any CPU
		{4248CDCA-AA57-4821-8DF0-B616D831375C}.Release|Any CPU.ActiveCfg = Release|Any CPU
		{4248CDCA-AA57-4821-8DF0-B616D831375C}.Release|Any CPU.Build.0 = Release|Any CPU
		{4248CDCA-AA57-4821-8DF0-B616D831375C}.Release|x86.ActiveCfg = Release|Any CPU
		{4248CDCA-AA57-4821-8DF0-B616D831375C}.Release|x86.Build.0 = Release|Any CPU
		{396BB791-579A-493C-B675-7F40032A10E3}.Debug|Any CPU.ActiveCfg = Debug
		{396BB791-579A-493C-B675-7F40032A10E3}.Debug|x86.ActiveCfg = Debug
		{396BB791-579A-493C-B675-7F40032A10E3}.Debug|x86.Build.0 = Debug
		{396BB791-579A-493C-B675-7F40032A10E3}.Release|Any CPU.ActiveCfg = Release
		{396BB791-579A-493C-B675-7F40032A10E3}.Release|x86.ActiveCfg = Release
		{396BB791-579A-493C-B675-7F40032A10E3}.Release|x86.Build.0 = Release
	EndGlobalSection
	GlobalSection(SolutionProperties) = preSolution
		HideSolutionNode = FALSE
	EndGlobalSection
	GlobalSection(ExtensibilityGlobals) = postSolution
		SolutionGuid = {327BAFAA-A793-40AC-839B-C5EF9CFE985F}
	EndGlobalSection
EndGlobal
